Microsoft Visual Studio Solution File, Format Version 11.00
# Visual Studio 2008

Project("{0AF20F4E-31B0-BB2B-A2B3-879CE3B5A7AF}") = "CanvasUI", "Assembly-CSharp.csproj", "{ADC24A84-0FB8-F05B-672B-DA423A962A7C}"
EndProject
Project("{0AF20F4E-31B0-BB2B-A2B3-879CE3B5A7AF}") = "CanvasUI", "Assembly-CSharp-Editor.csproj", "{42E3C4AB-C6F1-93FF-3A18-C5665201EA4D}"
EndProject
Global
	GlobalSection(SolutionConfigurationPlatforms) = preSolution
		Debug|Any CPU = Debug|Any CPU
		Release|Any CPU = Release|Any CPU
	EndGlobalSection
	GlobalSection(ProjectConfigurationPlatforms) = postSolution
		{ADC24A84-0FB8-F05B-672B-DA423A962A7C}.Debug|Any CPU.ActiveCfg = Debug|Any CPU
		{ADC24A84-0FB8-F05B-672B-DA423A962A7C}.Debug|Any CPU.Build.0 = Debug|Any CPU
		{ADC24A84-0FB8-F05B-672B-DA423A962A7C}.Release|Any CPU.ActiveCfg = Release|Any CPU
		{ADC24A84-0FB8-F05B-672B-DA423A962A7C}.Release|Any CPU.Build.0 = Release|Any CPU
		{42E3C4AB-C6F1-93FF-3A18-C5665201EA4D}.Debug|Any CPU.ActiveCfg = Debug|Any CPU
		{42E3C4AB-C6F1-93FF-3A18-C5665201EA4D}.Debug|Any CPU.Build.0 = Debug|Any CPU
		{42E3C4AB-C6F1-93FF-3A18-C5665201EA4D}.Release|Any CPU.ActiveCfg = Release|Any CPU
		{42E3C4AB-C6F1-93FF-3A18-C5665201EA4D}.Release|Any CPU.Build.0 = Release|Any CPU
	EndGlobalSection
	GlobalSection(SolutionProperties) = preSolution
		HideSolutionNode = FALSE
	EndGlobalSection
																																																	GlobalSection(MonoDevelopProperties) = preSolution
		StartupItem = Assembly-CSharp.csproj
		Policies = $0
		$0.TextStylePolicy = $1
		$1.inheritsSet = null
		$1.scope = text/x-csharp
		$0.CSharpFormattingPolicy = $2
		$2.inheritsSet = Mono
		$2.inheritsScope = text/x-csharp
		$2.scope = text/x-csharp
		$0.TextStylePolicy = $3
		$3.FileWidth = 120
		$3.TabWidth = 4
		$3.IndentWidth = 4
		$3.EolMarker = Unix
		$3.inheritsSet = Mono
		$3.inheritsScope = text/plain
		$3.scope = text/plain
	EndGlobalSection

EndGlobal
